
Microsoft Visual Studio Solution File, Format Version 12.00
# Visual Studio Version 16
VisualStudioVersion = 16.0.30204.135
MinimumVisualStudioVersion = 10.0.40219.1
Project("{FAE04EC0-301F-11D3-BF4B-00C04F79EFBC}") = "Procesos", "Procesos\Procesos.csproj", "{566890BA-7E30-4EA8-A4D5-DD15865775FD}"
EndProject
Global
	GlobalSection(SolutionConfigurationPlatforms) = preSolution
		Debug|Any CPU = Debug|Any CPU
		Release|Any CPU = Release|Any CPU
	EndGlobalSection
	GlobalSection(ProjectConfigurationPlatforms) = postSolution
		{566890BA-7E30-4EA8-A4D5-DD15865775FD}.Debug|Any CPU.ActiveCfg = Debug|Any CPU
		{566890BA-7E30-4EA8-A4D5-DD15865775FD}.Debug|Any CPU.Build.0 = Debug|Any CPU
		{566890BA-7E30-4EA8-A4D5-DD15865775FD}.Release|Any CPU.ActiveCfg = Release|Any CPU
		{566890BA-7E30-4EA8-A4D5-DD15865775FD}.Release|Any CPU.Build.0 = Release|Any CPU
	EndGlobalSection
	GlobalSection(SolutionProperties) = preSolution
		HideSolutionNode = FALSE
	EndGlobalSection
	GlobalSection(ExtensibilityGlobals) = postSolution
		SolutionGuid = {5A59BD8E-0494-4C34-A21D-2ACA0B35ADFA}
	EndGlobalSection
EndGlobal
